// !$*UTF8*$!
{
	archiveVersion = 1;
	classes = {
	};
	objectVersion = 46;
	objects = {

/* Begin PBXBuildFile section */
		5B73B9E6244E443600B6972C /* module_manager.cpp in Sources */ = {isa = PBXBuildFile; fileRef = 5B73B9E5244E443600B6972C /* module_manager.cpp */; };
		5B73B9E6244E443600B6972C /* extension_config.cpp in Sources */ = {isa = PBXBuildFile; fileRef = 5B73B9E5244E443600B6972C /* extension_config.cpp */; };
		5B73B9E6244E443600B6972C /* extension_pacrunner.cpp in Sources */ = {isa = PBXBuildFile; fileRef = 5B73B9E5244E443600B6972C /* extension_pacrunner.cpp */; };
		5B73B9E6244E443600B6972C /* extension_wpad.cpp in Sources */ = {isa = PBXBuildFile; fileRef = 5B73B9E5244E443600B6972C /* extension_wpad.cpp */; };
		5B73B9E6244E443600B6972C /* proxy.cpp in Sources */ = {isa = PBXBuildFile; fileRef = 5B73B9E5244E443600B6972C /* proxy.cpp */; };
		5B73B9E6244E443600B6972C /* url.cpp in Sources */ = {isa = PBXBuildFile; fileRef = 5B73B9E5244E443600B6972C /* url.cpp */; };
		5B73B9E6244E443600B6972C /* config_macosx.cpp in Sources */ = {isa = PBXBuildFile; fileRef = 5B73B9E5244E443600B6972C /* config_macosx.cpp */; };
		5B73B9E6244E443600B6972C /* ignore_domain.cpp in Sources */ = {isa = PBXBuildFile; fileRef = 5B73B9E5244E443600B6972C /* ignore_domain.cpp */; };
		5B73B9E6244E443600B6972C /* ignore_hostname.cpp in Sources */ = {isa = PBXBuildFile; fileRef = 5B73B9E5244E443600B6972C /* ignore_hostname.cpp */; };
		5B73B9E6244E443600B6972C /* ignore_ip.cpp in Sources */ = {isa = PBXBuildFile; fileRef = 5B73B9E5244E443600B6972C /* ignore_ip.cpp */; };
		5B73B9E6244E443600B6972C /* wpad_dns_alias.cpp in Sources */ = {isa = PBXBuildFile; fileRef = 5B73B9E5244E443600B6972C /* wpad_dns_alias.cpp */; };
/* End PBXBuildFile section */

/* Begin PBXFileReference section */
		5B73B9E5244E443600B6972C /* module_manager.cpp */ = {isa = PBXFileReference; fileEncoding = 4; lastKnownFileType = sourcecode.cpp.cpp; path = ..\..\..\libmodman\module_manager.cpp; sourceTree = "<group>"; };
		5B73B9E5244E443600B6972C /* extension_config.cpp */ = {isa = PBXFileReference; fileEncoding = 4; lastKnownFileType = sourcecode.cpp.cpp; path = ..\..\..\libproxy\extension_config.cpp; sourceTree = "<group>"; };
		5B73B9E5244E443600B6972C /* extension_pacrunner.cpp */ = {isa = PBXFileReference; fileEncoding = 4; lastKnownFileType = sourcecode.cpp.cpp; path = ..\..\..\libproxy\extension_pacrunner.cpp; sourceTree = "<group>"; };
		5B73B9E5244E443600B6972C /* extension_wpad.cpp */ = {isa = PBXFileReference; fileEncoding = 4; lastKnownFileType = sourcecode.cpp.cpp; path = ..\..\..\libproxy\extension_wpad.cpp; sourceTree = "<group>"; };
		5B73B9E5244E443600B6972C /* proxy.cpp */ = {isa = PBXFileReference; fileEncoding = 4; lastKnownFileType = sourcecode.cpp.cpp; path = ..\..\..\libproxy\proxy.cpp; sourceTree = "<group>"; };
		5B73B9E5244E443600B6972C /* url.cpp */ = {isa = PBXFileReference; fileEncoding = 4; lastKnownFileType = sourcecode.cpp.cpp; path = ..\..\..\libproxy\url.cpp; sourceTree = "<group>"; };
		5B73B9E5244E443600B6972C /* config_macosx.cpp */ = {isa = PBXFileReference; fileEncoding = 4; lastKnownFileType = sourcecode.cpp.cpp; path = ..\..\..\libproxy\modules\config_macosx.cpp; sourceTree = "<group>"; };
		5B73B9E5244E443600B6972C /* ignore_domain.cpp */ = {isa = PBXFileReference; fileEncoding = 4; lastKnownFileType = sourcecode.cpp.cpp; path = ..\..\..\libproxy\modules\ignore_domain.cpp; sourceTree = "<group>"; };
		5B73B9E5244E443600B6972C /* ignore_hostname.cpp */ = {isa = PBXFileReference; fileEncoding = 4; lastKnownFileType = sourcecode.cpp.cpp; path = ..\..\..\libproxy\modules\ignore_hostname.cpp; sourceTree = "<group>"; };
		5B73B9E5244E443600B6972C /* ignore_ip.cpp */ = {isa = PBXFileReference; fileEncoding = 4; lastKnownFileType = sourcecode.cpp.cpp; path = ..\..\..\libproxy\modules\ignore_ip.cpp; sourceTree = "<group>"; };
		5B73B9E5244E443600B6972C /* wpad_dns_alias.cpp */ = {isa = PBXFileReference; fileEncoding = 4; lastKnownFileType = sourcecode.cpp.cpp; path = ..\..\..\libproxy\modules\wpad_dns_alias.cpp; sourceTree = "<group>"; };
		5BDFC82418F59CFF00AD6054 /* symlinkheader.sh */ = {isa = PBXFileReference; lastKnownFileType = text.script.sh; path = symlinkheader.sh; sourceTree = "<group>"; };
		5BDFC82518F59CFF00AD6054 /* symlinklibrary.sh */ = {isa = PBXFileReference; lastKnownFileType = text.script.sh; path = symlinklibrary.sh; sourceTree = "<group>"; };
		5BF61AD218F3489D00AA2E84 /* libproxy.a */ = {isa = PBXFileReference; explicitFileType = archive.ar; includeInIndex = 0; path = libproxy.a; sourceTree = BUILT_PRODUCTS_DIR; };
/* End PBXFileReference section */

/* Begin PBXGroup section */
		5BF61AB818F3472C00AA2E84 = {
			isa = PBXGroup;
			children = (
				5B73B9E6244E443600B6972C /* module_manager.cpp */,
				5B73B9E6244E443600B6972C /* extension_config.cpp */,
				5B73B9E6244E443600B6972C /* extension_pacrunner.cpp */,
				5B73B9E6244E443600B6972C /* extension_wpad.cpp */,
				5B73B9E6244E443600B6972C /* proxy.cpp */,
				5B73B9E6244E443600B6972C /* url.cpp */,
				5B73B9E6244E443600B6972C /* config_macosx.cpp */,
				5B73B9E6244E443600B6972C /* ignore_domain.cpp */,
				5B73B9E6244E443600B6972C /* ignore_hostname.cpp */,
				5B73B9E6244E443600B6972C /* ignore_ip.cpp */,
				5B73B9E6244E443600B6972C /* wpad_dns_alias.cpp */,
				5BDFC82418F59CFF00AD6054 /* symlinkheader.sh */,
				5BDFC82518F59CFF00AD6054 /* symlinklibrary.sh */,
				5BF61AC218F3472C00AA2E84 /* Products */,
			);
			sourceTree = "<group>";
		};
		5BF61AC218F3472C00AA2E84 /* Products */ = {
			isa = PBXGroup;
			children = (
				5BF61AD218F3489D00AA2E84 /* libproxy.a */,
			);
			name = Products;
			sourceTree = "<group>";
		};
/* End PBXGroup section */

/* Begin PBXNativeTarget section */
		5BF61AD118F3489D00AA2E84 /* libproxy */ = {
			isa = PBXNativeTarget;
			buildConfigurationList = 5BF61AD518F3489D00AA2E84 /* Build configuration list for PBXNativeTarget "libproxy" */;
			buildPhases = (
				5BF61AD818F348E000AA2E84 /* Symlink headers */,
				5B862C8F18F439E90091F89F /* Sources */,
			);
			buildRules = (
			);
			dependencies = (
			);
			name = libproxy;
			productName = boostDummy;
			productReference = 5BF61AD218F3489D00AA2E84 /* libproxy.a */;
			productType = "com.apple.product-type.library.static";
		};
/* End PBXNativeTarget section */

/* Begin PBXProject section */
		5BF61AB918F3472C00AA2E84 /* Project object */ = {
			isa = PBXProject;
			attributes = {
				LastUpgradeCheck = 1120;
				ORGANIZATIONNAME = "TechSmith Corp";
			};
			buildConfigurationList = 5BF61ABC18F3472C00AA2E84 /* Build configuration list for PBXProject "libproxy" */;
			compatibilityVersion = "Xcode 3.2";
			developmentRegion = en;
			hasScannedForEncodings = 0;
			knownRegions = (
				en,
				Base,
			);
			mainGroup = 5BF61AB818F3472C00AA2E84;
			productRefGroup = 5BF61AC218F3472C00AA2E84 /* Products */;
			projectDirPath = "";
			projectRoot = "";
			targets = (
				5BF61AD118F3489D00AA2E84 /* libproxy */,
			);
		};
/* End PBXProject section */

/* Begin PBXShellScriptBuildPhase section */
		5BF61AD818F348E000AA2E84 /* Symlink headers */ = {
			isa = PBXShellScriptBuildPhase;
			buildActionMask = 2147483647;
			files = (
			);
			inputPaths = (
			);
			name = "Symlink headers";
			outputPaths = (
			);
			runOnlyForDeploymentPostprocessing = 0;
			shellPath = /bin/sh;
			shellScript = "sh symlinkheader.sh\nsh symlinklibrary.sh\n\n";
		};
/* End PBXShellScriptBuildPhase section */

/* Begin PBXSourcesBuildPhase section */
		5B862C8F18F439E90091F89F /* Sources */ = {
			isa = PBXSourcesBuildPhase;
			buildActionMask = 2147483647;
			files = (
				5B73B9E6244E443600B6972C /* module_manager.cpp in Sources */,
				5B73B9E6244E443600B6972C /* extension_config.cpp in Sources*/,
				5B73B9E6244E443600B6972C /* extension_pacrunner.cpp in Sources*/,
				5B73B9E6244E443600B6972C /* extension_wpad.cpp in Sources*/,
				5B73B9E6244E443600B6972C /* proxy.cpp in Sources*/,
				5B73B9E6244E443600B6972C /* url.cpp in Sources*/,
				5B73B9E6244E443600B6972C /* config_macosx.cpp in Sources*/,
				5B73B9E6244E443600B6972C /* ignore_domain.cpp in Sources*/,
				5B73B9E6244E443600B6972C /* ignore_hostname.cpp in Sources*/,
				5B73B9E6244E443600B6972C /* ignore_ip.cpp in Sources*/,
				5B73B9E6244E443600B6972C /* wpad_dns_alias.cpp in Sources*/,
				5BDFC82418F59CFF00AD6054 /* symlinkheader.sh */,
				5BDFC82518F59CFF00AD6054 /* symlinklibrary.sh */,
				5BF61AC218F3472C00AA2E84 /* Products */,
			);
			runOnlyForDeploymentPostprocessing = 0;
		};
/* End PBXSourcesBuildPhase section */

/* Begin XCBuildConfiguration section */
		5BF61AC318F3472C00AA2E84 /* Debug */ = {
			isa = XCBuildConfiguration;
			buildSettings = {
				ALWAYS_SEARCH_USER_PATHS = NO;
				CLANG_ANALYZER_LOCALIZABILITY_NONLOCALIZED = YES;
				CLANG_CXX_LANGUAGE_STANDARD = "c++14";
				CLANG_CXX_LIBRARY = "libc++";
				CLANG_ENABLE_MODULES = YES;
				CLANG_ENABLE_OBJC_ARC = YES;
				CLANG_WARN_BLOCK_CAPTURE_AUTORELEASING = YES;
				CLANG_WARN_BOOL_CONVERSION = YES;
				CLANG_WARN_COMMA = YES;
				CLANG_WARN_CONSTANT_CONVERSION = YES;
				CLANG_WARN_DEPRECATED_OBJC_IMPLEMENTATIONS = YES;
				CLANG_WARN_DIRECT_OBJC_ISA_USAGE = YES_ERROR;
				CLANG_WARN_EMPTY_BODY = YES;
				CLANG_WARN_ENUM_CONVERSION = YES;
				CLANG_WARN_INFINITE_RECURSION = YES;
				CLANG_WARN_INT_CONVERSION = YES;
				CLANG_WARN_NON_LITERAL_NULL_CONVERSION = YES;
				CLANG_WARN_OBJC_IMPLICIT_RETAIN_SELF = NO;
				CLANG_WARN_OBJC_LITERAL_CONVERSION = YES;
				CLANG_WARN_OBJC_ROOT_CLASS = YES_ERROR;
				CLANG_WARN_RANGE_LOOP_ANALYSIS = YES;
				CLANG_WARN_STRICT_PROTOTYPES = YES;
				CLANG_WARN_SUSPICIOUS_MOVE = YES;
				CLANG_WARN_UNREACHABLE_CODE = YES;
				CLANG_WARN__DUPLICATE_METHOD_MATCH = YES;
				COPY_PHASE_STRIP = NO;
				ENABLE_STRICT_OBJC_MSGSEND = YES;
				ENABLE_TESTABILITY = YES;
				GCC_C_LANGUAGE_STANDARD = c11;
				GCC_DYNAMIC_NO_PIC = NO;
				GCC_ENABLE_OBJC_EXCEPTIONS = YES;
				GCC_NO_COMMON_BLOCKS = YES;
				GCC_OPTIMIZATION_LEVEL = 0;
				GCC_PREPROCESSOR_DEFINITIONS = (
					"DEBUG=1",
					"$(inherited)",
				);
				GCC_SYMBOLS_PRIVATE_EXTERN = NO;
				GCC_WARN_64_TO_32_BIT_CONVERSION = YES;
				GCC_WARN_ABOUT_RETURN_TYPE = YES_ERROR;
				GCC_WARN_UNDECLARED_SELECTOR = YES;
				GCC_WARN_UNINITIALIZED_AUTOS = YES_AGGRESSIVE;
				GCC_WARN_UNUSED_FUNCTION = YES;
				GCC_WARN_UNUSED_VARIABLE = YES;
				INSTALL_GROUP = "";
				INSTALL_MODE_FLAG = "";
				INSTALL_OWNER = "";
				MACOSX_DEPLOYMENT_TARGET = 10.11;
				ONLY_ACTIVE_ARCH = YES;
				SDKROOT = macosx;
				SKIP_INSTALL = YES;
			};
			name = Debug;
		};
		5BF61AC418F3472C00AA2E84 /* Release */ = {
			isa = XCBuildConfiguration;
			buildSettings = {
				ALWAYS_SEARCH_USER_PATHS = NO;
				CLANG_ANALYZER_LOCALIZABILITY_NONLOCALIZED = YES;
				CLANG_CXX_LANGUAGE_STANDARD = "c++14";
				CLANG_CXX_LIBRARY = "libc++";
				CLANG_ENABLE_MODULES = YES;
				CLANG_ENABLE_OBJC_ARC = YES;
				CLANG_WARN_BLOCK_CAPTURE_AUTORELEASING = YES;
				CLANG_WARN_BOOL_CONVERSION = YES;
				CLANG_WARN_COMMA = YES;
				CLANG_WARN_CONSTANT_CONVERSION = YES;
				CLANG_WARN_DEPRECATED_OBJC_IMPLEMENTATIONS = YES;
				CLANG_WARN_DIRECT_OBJC_ISA_USAGE = YES_ERROR;
				CLANG_WARN_EMPTY_BODY = YES;
				CLANG_WARN_ENUM_CONVERSION = YES;
				CLANG_WARN_INFINITE_RECURSION = YES;
				CLANG_WARN_INT_CONVERSION = YES;
				CLANG_WARN_NON_LITERAL_NULL_CONVERSION = YES;
				CLANG_WARN_OBJC_IMPLICIT_RETAIN_SELF = NO;
				CLANG_WARN_OBJC_LITERAL_CONVERSION = YES;
				CLANG_WARN_OBJC_ROOT_CLASS = YES_ERROR;
				CLANG_WARN_RANGE_LOOP_ANALYSIS = YES;
				CLANG_WARN_STRICT_PROTOTYPES = YES;
				CLANG_WARN_SUSPICIOUS_MOVE = YES;
				CLANG_WARN_UNREACHABLE_CODE = YES;
				CLANG_WARN__DUPLICATE_METHOD_MATCH = YES;
				COPY_PHASE_STRIP = YES;
				DEBUG_INFORMATION_FORMAT = "dwarf-with-dsym";
				ENABLE_NS_ASSERTIONS = NO;
				ENABLE_STRICT_OBJC_MSGSEND = YES;
				GCC_C_LANGUAGE_STANDARD = c11;
				GCC_ENABLE_OBJC_EXCEPTIONS = YES;
				GCC_NO_COMMON_BLOCKS = YES;
				GCC_WARN_64_TO_32_BIT_CONVERSION = YES;
				GCC_WARN_ABOUT_RETURN_TYPE = YES_ERROR;
				GCC_WARN_UNDECLARED_SELECTOR = YES;
				GCC_WARN_UNINITIALIZED_AUTOS = YES_AGGRESSIVE;
				GCC_WARN_UNUSED_FUNCTION = YES;
				GCC_WARN_UNUSED_VARIABLE = YES;
				INSTALL_GROUP = "";
				INSTALL_MODE_FLAG = "";
				INSTALL_OWNER = "";
				MACOSX_DEPLOYMENT_TARGET = 10.11;
				SDKROOT = macosx;
				SKIP_INSTALL = YES;
			};
			name = Release;
		};
		5BF61AD318F3489D00AA2E84 /* Debug */ = {
			isa = XCBuildConfiguration;
			buildSettings = {
				CLANG_CXX_LANGUAGE_STANDARD = "c++14";
				COMBINE_HIDPI_IMAGES = YES;
				EXECUTABLE_PREFIX = lib;
				GCC_PREPROCESSOR_DEFINITIONS = (
					"DEBUG=1",
					"$(inherited)",
				);
				ONLY_ACTIVE_ARCH = NO;
				PRODUCT_NAME = "$(TARGET_NAME)";
				SUPPORTED_PLATFORMS = "macosx";
			};
			name = Debug;
		};
		5BF61AD418F3489D00AA2E84 /* Release */ = {
			isa = XCBuildConfiguration;
			buildSettings = {
				CLANG_CXX_LANGUAGE_STANDARD = "c++14";
				COMBINE_HIDPI_IMAGES = YES;
				EXECUTABLE_PREFIX = lib;
				ONLY_ACTIVE_ARCH = NO;
				PRODUCT_NAME = "$(TARGET_NAME)";
				SUPPORTED_PLATFORMS = "macosx";
			};
			name = Release;
		};
/* End XCBuildConfiguration section */

/* Begin XCConfigurationList section */
		5BF61ABC18F3472C00AA2E84 /* Build configuration list for PBXProject "libproxy" */ = {
			isa = XCConfigurationList;
			buildConfigurations = (
				5BF61AC318F3472C00AA2E84 /* Debug */,
				5BF61AC418F3472C00AA2E84 /* Release */,
			);
			defaultConfigurationIsVisible = 0;
			defaultConfigurationName = Release;
		};
		5BF61AD518F3489D00AA2E84 /* Build configuration list for PBXNativeTarget "libproxy" */ = {
			isa = XCConfigurationList;
			buildConfigurations = (
				5BF61AD318F3489D00AA2E84 /* Debug */,
				5BF61AD418F3489D00AA2E84 /* Release */,
			);
			defaultConfigurationIsVisible = 0;
			defaultConfigurationName = Release;
		};
/* End XCConfigurationList section */
	};
	rootObject = 5BF61AB918F3472C00AA2E84 /* Project object */;
}
